// !$*UTF8*$!
{
	archiveVersion = 1;
	classes = {
	};
	objectVersion = 46;
	objects = {

/* Begin PBXBuildFile section */
		C83A1D0A95CF44F5BC6E1A36 /* libPods.a in Frameworks */ = {isa = PBXBuildFile; fileRef = 534CD00C28534D9E90451244 /* libPods.a */; };
		F14EB50F1960A43E009B5E94 /* HBViewController.m in Sources */ = {isa = PBXBuildFile; fileRef = F14EB50D1960A43E009B5E94 /* HBViewController.m */; };
		F14EB5101960A43E009B5E94 /* HBViewController.xib in Resources */ = {isa = PBXBuildFile; fileRef = F14EB50E1960A43E009B5E94 /* HBViewController.xib */; };
		F14EB5141960B0FF009B5E94 /* MainViewController.m in Sources */ = {isa = PBXBuildFile; fileRef = F14EB5121960B0FF009B5E94 /* MainViewController.m */; };
		F14EB5151960B0FF009B5E94 /* MainViewController.xib in Resources */ = {isa = PBXBuildFile; fileRef = F14EB5131960B0FF009B5E94 /* MainViewController.xib */; };
		F17FBDDB1956B01500B1C60B /* README.md in Resources */ = {isa = PBXBuildFile; fileRef = F17FBDDA1956B01500B1C60B /* README.md */; };
		F1825C3E1953866D00631695 /* Foundation.framework in Frameworks */ = {isa = PBXBuildFile; fileRef = F1825C3D1953866D00631695 /* Foundation.framework */; };
		F1825C401953866D00631695 /* CoreGraphics.framework in Frameworks */ = {isa = PBXBuildFile; fileRef = F1825C3F1953866D00631695 /* CoreGraphics.framework */; };
		F1825C421953866D00631695 /* UIKit.framework in Frameworks */ = {isa = PBXBuildFile; fileRef = F1825C411953866D00631695 /* UIKit.framework */; };
		F1825C481953866D00631695 /* InfoPlist.strings in Resources */ = {isa = PBXBuildFile; fileRef = F1825C461953866D00631695 /* InfoPlist.strings */; };
		F1825C4A1953866D00631695 /* main.m in Sources */ = {isa = PBXBuildFile; fileRef = F1825C491953866D00631695 /* main.m */; };
		F1825C4E1953866D00631695 /* AppDelegate.m in Sources */ = {isa = PBXBuildFile; fileRef = F1825C4D1953866D00631695 /* AppDelegate.m */; };
		F1825C501953866D00631695 /* Images.xcassets in Resources */ = {isa = PBXBuildFile; fileRef = F1825C4F1953866D00631695 /* Images.xcassets */; };
		F1825C571953866D00631695 /* XCTest.framework in Frameworks */ = {isa = PBXBuildFile; fileRef = F1825C561953866D00631695 /* XCTest.framework */; };
		F1825C581953866D00631695 /* Foundation.framework in Frameworks */ = {isa = PBXBuildFile; fileRef = F1825C3D1953866D00631695 /* Foundation.framework */; };
		F1825C591953866D00631695 /* UIKit.framework in Frameworks */ = {isa = PBXBuildFile; fileRef = F1825C411953866D00631695 /* UIKit.framework */; };
		F1825C611953866D00631695 /* InfoPlist.strings in Resources */ = {isa = PBXBuildFile; fileRef = F1825C5F1953866D00631695 /* InfoPlist.strings */; };
		F1825C631953866D00631695 /* ios_tweeterTests.m in Sources */ = {isa = PBXBuildFile; fileRef = F1825C621953866D00631695 /* ios_tweeterTests.m */; };
		F1825C72195386AA00631695 /* LoginViewController.m in Sources */ = {isa = PBXBuildFile; fileRef = F1825C70195386AA00631695 /* LoginViewController.m */; };
		F1825C73195386AA00631695 /* LoginViewController.xib in Resources */ = {isa = PBXBuildFile; fileRef = F1825C71195386AA00631695 /* LoginViewController.xib */; };
		F1825C7919538C4000631695 /* TwitterClient.m in Sources */ = {isa = PBXBuildFile; fileRef = F1825C7819538C4000631695 /* TwitterClient.m */; };
		F1825C7E1953DA0900631695 /* User.m in Sources */ = {isa = PBXBuildFile; fileRef = F1825C7D1953DA0900631695 /* User.m */; };
		F1825C821953E38400631695 /* ListViewController.m in Sources */ = {isa = PBXBuildFile; fileRef = F1825C801953E38400631695 /* ListViewController.m */; };
		F1825C831953E38400631695 /* ListViewController.xib in Resources */ = {isa = PBXBuildFile; fileRef = F1825C811953E38400631695 /* ListViewController.xib */; };
		F1825C8E19540A7500631695 /* ComposeViewController.m in Sources */ = {isa = PBXBuildFile; fileRef = F1825C8C19540A7500631695 /* ComposeViewController.m */; };
		F1825C8F19540A7500631695 /* ComposeViewController.xib in Resources */ = {isa = PBXBuildFile; fileRef = F1825C8D19540A7500631695 /* ComposeViewController.xib */; };
		F1825C981954110000631695 /* TweetCell.m in Sources */ = {isa = PBXBuildFile; fileRef = F1825C961954110000631695 /* TweetCell.m */; };
		F1825C991954110000631695 /* TweetCell.xib in Resources */ = {isa = PBXBuildFile; fileRef = F1825C971954110000631695 /* TweetCell.xib */; };
		F1825C9D1954815400631695 /* DetailViewController.m in Sources */ = {isa = PBXBuildFile; fileRef = F1825C9B1954815400631695 /* DetailViewController.m */; };
		F1825C9E1954815400631695 /* DetailViewController.xib in Resources */ = {isa = PBXBuildFile; fileRef = F1825C9C1954815400631695 /* DetailViewController.xib */; };
		F1825CA11954FEB800631695 /* Tweet.m in Sources */ = {isa = PBXBuildFile; fileRef = F1825CA01954FEB800631695 /* Tweet.m */; };
		F18E400D195D1D8A00688D62 /* ProfileViewController.m in Sources */ = {isa = PBXBuildFile; fileRef = F18E400B195D1D8A00688D62 /* ProfileViewController.m */; };
		F18E400E195D1D8A00688D62 /* ProfileViewController.xib in Resources */ = {isa = PBXBuildFile; fileRef = F18E400C195D1D8A00688D62 /* ProfileViewController.xib */; };
		F18E4011195D1F0500688D62 /* ProfileBannerView.xib in Resources */ = {isa = PBXBuildFile; fileRef = F18E4010195D1F0500688D62 /* ProfileBannerView.xib */; };
		F18E4014195D1F1C00688D62 /* ProfileBannerView.m in Sources */ = {isa = PBXBuildFile; fileRef = F18E4013195D1F1C00688D62 /* ProfileBannerView.m */; };
		F18E4019195DBE5700688D62 /* webViewController.m in Sources */ = {isa = PBXBuildFile; fileRef = F18E4017195DBE5700688D62 /* webViewController.m */; };
		F18E401A195DBE5700688D62 /* webViewController.xib in Resources */ = {isa = PBXBuildFile; fileRef = F18E4018195DBE5700688D62 /* webViewController.xib */; };
/* End PBXBuildFile section */

/* Begin PBXContainerItemProxy section */
		F1825C5A1953866D00631695 /* PBXContainerItemProxy */ = {
			isa = PBXContainerItemProxy;
			containerPortal = F1825C321953866D00631695 /* Project object */;
			proxyType = 1;
			remoteGlobalIDString = F1825C391953866D00631695;
			remoteInfo = ios_tweeter;
		};
/* End PBXContainerItemProxy section */

/* Begin PBXFileReference section */
		431D4EAEAE254AEA9AEC7BB1 /* Pods.xcconfig */ = {isa = PBXFileReference; includeInIndex = 1; lastKnownFileType = text.xcconfig; name = Pods.xcconfig; path = Pods/Pods.xcconfig; sourceTree = "<group>"; };
		534CD00C28534D9E90451244 /* libPods.a */ = {isa = PBXFileReference; explicitFileType = archive.ar; includeInIndex = 0; path = libPods.a; sourceTree = BUILT_PRODUCTS_DIR; };
		F14EB50C1960A43E009B5E94 /* HBViewController.h */ = {isa = PBXFileReference; fileEncoding = 4; lastKnownFileType = sourcecode.c.h; path = HBViewController.h; sourceTree = "<group>"; };
		F14EB50D1960A43E009B5E94 /* HBViewController.m */ = {isa = PBXFileReference; fileEncoding = 4; lastKnownFileType = sourcecode.c.objc; path = HBViewController.m; sourceTree = "<group>"; };
		F14EB50E1960A43E009B5E94 /* HBViewController.xib */ = {isa = PBXFileReference; fileEncoding = 4; lastKnownFileType = file.xib; path = HBViewController.xib; sourceTree = "<group>"; };
		F14EB5111960B0FF009B5E94 /* MainViewController.h */ = {isa = PBXFileReference; fileEncoding = 4; lastKnownFileType = sourcecode.c.h; path = MainViewController.h; sourceTree = "<group>"; };
		F14EB5121960B0FF009B5E94 /* MainViewController.m */ = {isa = PBXFileReference; fileEncoding = 4; lastKnownFileType = sourcecode.c.objc; path = MainViewController.m; sourceTree = "<group>"; };
		F14EB5131960B0FF009B5E94 /* MainViewController.xib */ = {isa = PBXFileReference; fileEncoding = 4; lastKnownFileType = file.xib; path = MainViewController.xib; sourceTree = "<group>"; };
		F17FBDDA1956B01500B1C60B /* README.md */ = {isa = PBXFileReference; fileEncoding = 4; lastKnownFileType = text; path = README.md; sourceTree = "<group>"; };
		F1825C3A1953866D00631695 /* ios_tweeter.app */ = {isa = PBXFileReference; explicitFileType = wrapper.application; includeInIndex = 0; path = ios_tweeter.app; sourceTree = BUILT_PRODUCTS_DIR; };
		F1825C3D1953866D00631695 /* Foundation.framework */ = {isa = PBXFileReference; lastKnownFileType = wrapper.framework; name = Foundation.framework; path = System/Library/Frameworks/Foundation.framework; sourceTree = SDKROOT; };
		F1825C3F1953866D00631695 /* CoreGraphics.framework */ = {isa = PBXFileReference; lastKnownFileType = wrapper.framework; name = CoreGraphics.framework; path = System/Library/Frameworks/CoreGraphics.framework; sourceTree = SDKROOT; };
		F1825C411953866D00631695 /* UIKit.framework */ = {isa = PBXFileReference; lastKnownFileType = wrapper.framework; name = UIKit.framework; path = System/Library/Frameworks/UIKit.framework; sourceTree = SDKROOT; };
		F1825C451953866D00631695 /* ios_tweeter-Info.plist */ = {isa = PBXFileReference; lastKnownFileType = text.plist.xml; path = "ios_tweeter-Info.plist"; sourceTree = "<group>"; };
		F1825C471953866D00631695 /* en */ = {isa = PBXFileReference; lastKnownFileType = text.plist.strings; name = en; path = en.lproj/InfoPlist.strings; sourceTree = "<group>"; };
		F1825C491953866D00631695 /* main.m */ = {isa = PBXFileReference; lastKnownFileType = sourcecode.c.objc; path = main.m; sourceTree = "<group>"; };
		F1825C4B1953866D00631695 /* ios_tweeter-Prefix.pch */ = {isa = PBXFileReference; lastKnownFileType = sourcecode.c.h; path = "ios_tweeter-Prefix.pch"; sourceTree = "<group>"; };
		F1825C4C1953866D00631695 /* AppDelegate.h */ = {isa = PBXFileReference; lastKnownFileType = sourcecode.c.h; path = AppDelegate.h; sourceTree = "<group>"; };
		F1825C4D1953866D00631695 /* AppDelegate.m */ = {isa = PBXFileReference; lastKnownFileType = sourcecode.c.objc; path = AppDelegate.m; sourceTree = "<group>"; };
		F1825C4F1953866D00631695 /* Images.xcassets */ = {isa = PBXFileReference; lastKnownFileType = folder.assetcatalog; path = Images.xcassets; sourceTree = "<group>"; };
		F1825C551953866D00631695 /* ios_tweeterTests.xctest */ = {isa = PBXFileReference; explicitFileType = wrapper.cfbundle; includeInIndex = 0; path = ios_tweeterTests.xctest; sourceTree = BUILT_PRODUCTS_DIR; };
		F1825C561953866D00631695 /* XCTest.framework */ = {isa = PBXFileReference; lastKnownFileType = wrapper.framework; name = XCTest.framework; path = Library/Frameworks/XCTest.framework; sourceTree = DEVELOPER_DIR; };
		F1825C5E1953866D00631695 /* ios_tweeterTests-Info.plist */ = {isa = PBXFileReference; lastKnownFileType = text.plist.xml; path = "ios_tweeterTests-Info.plist"; sourceTree = "<group>"; };
		F1825C601953866D00631695 /* en */ = {isa = PBXFileReference; lastKnownFileType = text.plist.strings; name = en; path = en.lproj/InfoPlist.strings; sourceTree = "<group>"; };
		F1825C621953866D00631695 /* ios_tweeterTests.m */ = {isa = PBXFileReference; lastKnownFileType = sourcecode.c.objc; path = ios_tweeterTests.m; sourceTree = "<group>"; };
		F1825C6F195386AA00631695 /* LoginViewController.h */ = {isa = PBXFileReference; fileEncoding = 4; lastKnownFileType = sourcecode.c.h; path = LoginViewController.h; sourceTree = "<group>"; };
		F1825C70195386AA00631695 /* LoginViewController.m */ = {isa = PBXFileReference; fileEncoding = 4; lastKnownFileType = sourcecode.c.objc; path = LoginViewController.m; sourceTree = "<group>"; };
		F1825C71195386AA00631695 /* LoginViewController.xib */ = {isa = PBXFileReference; fileEncoding = 4; lastKnownFileType = file.xib; path = LoginViewController.xib; sourceTree = "<group>"; };
		F1825C7719538C4000631695 /* TwitterClient.h */ = {isa = PBXFileReference; fileEncoding = 4; lastKnownFileType = sourcecode.c.h; path = TwitterClient.h; sourceTree = "<group>"; };
		F1825C7819538C4000631695 /* TwitterClient.m */ = {isa = PBXFileReference; fileEncoding = 4; lastKnownFileType = sourcecode.c.objc; path = TwitterClient.m; sourceTree = "<group>"; };
		F1825C7C1953DA0900631695 /* User.h */ = {isa = PBXFileReference; fileEncoding = 4; lastKnownFileType = sourcecode.c.h; path = User.h; sourceTree = "<group>"; };
		F1825C7D1953DA0900631695 /* User.m */ = {isa = PBXFileReference; fileEncoding = 4; lastKnownFileType = sourcecode.c.objc; path = User.m; sourceTree = "<group>"; };
		F1825C7F1953E38400631695 /* ListViewController.h */ = {isa = PBXFileReference; fileEncoding = 4; lastKnownFileType = sourcecode.c.h; path = ListViewController.h; sourceTree = "<group>"; };
		F1825C801953E38400631695 /* ListViewController.m */ = {isa = PBXFileReference; fileEncoding = 4; lastKnownFileType = sourcecode.c.objc; path = ListViewController.m; sourceTree = "<group>"; };
		F1825C811953E38400631695 /* ListViewController.xib */ = {isa = PBXFileReference; fileEncoding = 4; lastKnownFileType = file.xib; path = ListViewController.xib; sourceTree = "<group>"; };
		F1825C8B19540A7500631695 /* ComposeViewController.h */ = {isa = PBXFileReference; fileEncoding = 4; lastKnownFileType = sourcecode.c.h; path = ComposeViewController.h; sourceTree = "<group>"; };
		F1825C8C19540A7500631695 /* ComposeViewController.m */ = {isa = PBXFileReference; fileEncoding = 4; lastKnownFileType = sourcecode.c.objc; path = ComposeViewController.m; sourceTree = "<group>"; };
		F1825C8D19540A7500631695 /* ComposeViewController.xib */ = {isa = PBXFileReference; fileEncoding = 4; lastKnownFileType = file.xib; path = ComposeViewController.xib; sourceTree = "<group>"; };
		F1825C951954110000631695 /* TweetCell.h */ = {isa = PBXFileReference; fileEncoding = 4; lastKnownFileType = sourcecode.c.h; path = TweetCell.h; sourceTree = "<group>"; };
		F1825C961954110000631695 /* TweetCell.m */ = {isa = PBXFileReference; fileEncoding = 4; lastKnownFileType = sourcecode.c.objc; path = TweetCell.m; sourceTree = "<group>"; };
		F1825C971954110000631695 /* TweetCell.xib */ = {isa = PBXFileReference; fileEncoding = 4; lastKnownFileType = file.xib; path = TweetCell.xib; sourceTree = "<group>"; };
		F1825C9A1954815400631695 /* DetailViewController.h */ = {isa = PBXFileReference; fileEncoding = 4; lastKnownFileType = sourcecode.c.h; path = DetailViewController.h; sourceTree = "<group>"; };
		F1825C9B1954815400631695 /* DetailViewController.m */ = {isa = PBXFileReference; fileEncoding = 4; lastKnownFileType = sourcecode.c.objc; path = DetailViewController.m; sourceTree = "<group>"; };
		F1825C9C1954815400631695 /* DetailViewController.xib */ = {isa = PBXFileReference; fileEncoding = 4; lastKnownFileType = file.xib; path = DetailViewController.xib; sourceTree = "<group>"; };
		F1825C9F1954FEB800631695 /* Tweet.h */ = {isa = PBXFileReference; fileEncoding = 4; lastKnownFileType = sourcecode.c.h; path = Tweet.h; sourceTree = "<group>"; };
		F1825CA01954FEB800631695 /* Tweet.m */ = {isa = PBXFileReference; fileEncoding = 4; lastKnownFileType = sourcecode.c.objc; path = Tweet.m; sourceTree = "<group>"; };
		F18E400A195D1D8A00688D62 /* ProfileViewController.h */ = {isa = PBXFileReference; fileEncoding = 4; lastKnownFileType = sourcecode.c.h; path = ProfileViewController.h; sourceTree = "<group>"; };
		F18E400B195D1D8A00688D62 /* ProfileViewController.m */ = {isa = PBXFileReference; fileEncoding = 4; lastKnownFileType = sourcecode.c.objc; path = ProfileViewController.m; sourceTree = "<group>"; };
		F18E400C195D1D8A00688D62 /* ProfileViewController.xib */ = {isa = PBXFileReference; fileEncoding = 4; lastKnownFileType = file.xib; path = ProfileViewController.xib; sourceTree = "<group>"; };
		F18E4010195D1F0500688D62 /* ProfileBannerView.xib */ = {isa = PBXFileReference; fileEncoding = 4; lastKnownFileType = file.xib; path = ProfileBannerView.xib; sourceTree = "<group>"; };
		F18E4012195D1F1C00688D62 /* ProfileBannerView.h */ = {isa = PBXFileReference; fileEncoding = 4; lastKnownFileType = sourcecode.c.h; path = ProfileBannerView.h; sourceTree = "<group>"; };
		F18E4013195D1F1C00688D62 /* ProfileBannerView.m */ = {isa = PBXFileReference; fileEncoding = 4; lastKnownFileType = sourcecode.c.objc; path = ProfileBannerView.m; sourceTree = "<group>"; };
		F18E4016195DBE5700688D62 /* webViewController.h */ = {isa = PBXFileReference; fileEncoding = 4; lastKnownFileType = sourcecode.c.h; path = webViewController.h; sourceTree = "<group>"; };
		F18E4017195DBE5700688D62 /* webViewController.m */ = {isa = PBXFileReference; fileEncoding = 4; lastKnownFileType = sourcecode.c.objc; path = webViewController.m; sourceTree = "<group>"; };
		F18E4018195DBE5700688D62 /* webViewController.xib */ = {isa = PBXFileReference; fileEncoding = 4; lastKnownFileType = file.xib; path = webViewController.xib; sourceTree = "<group>"; };
/* End PBXFileReference section */

/* Begin PBXFrameworksBuildPhase section */
		F1825C371953866D00631695 /* Frameworks */ = {
			isa = PBXFrameworksBuildPhase;
			buildActionMask = 2147483647;
			files = (
				F1825C401953866D00631695 /* CoreGraphics.framework in Frameworks */,
				F1825C421953866D00631695 /* UIKit.framework in Frameworks */,
				F1825C3E1953866D00631695 /* Foundation.framework in Frameworks */,
				C83A1D0A95CF44F5BC6E1A36 /* libPods.a in Frameworks */,
			);
			runOnlyForDeploymentPostprocessing = 0;
		};
		F1825C521953866D00631695 /* Frameworks */ = {
			isa = PBXFrameworksBuildPhase;
			buildActionMask = 2147483647;
			files = (
				F1825C571953866D00631695 /* XCTest.framework in Frameworks */,
				F1825C591953866D00631695 /* UIKit.framework in Frameworks */,
				F1825C581953866D00631695 /* Foundation.framework in Frameworks */,
			);
			runOnlyForDeploymentPostprocessing = 0;
		};
/* End PBXFrameworksBuildPhase section */

/* Begin PBXGroup section */
		F1825C311953866D00631695 = {
			isa = PBXGroup;
			children = (
				F1825C431953866D00631695 /* ios_tweeter */,
				F1825C5C1953866D00631695 /* ios_tweeterTests */,
				F1825C3C1953866D00631695 /* Frameworks */,
				F1825C3B1953866D00631695 /* Products */,
				431D4EAEAE254AEA9AEC7BB1 /* Pods.xcconfig */,
				F17FBDDA1956B01500B1C60B /* README.md */,
			);
			sourceTree = "<group>";
		};
		F1825C3B1953866D00631695 /* Products */ = {
			isa = PBXGroup;
			children = (
				F1825C3A1953866D00631695 /* ios_tweeter.app */,
				F1825C551953866D00631695 /* ios_tweeterTests.xctest */,
			);
			name = Products;
			sourceTree = "<group>";
		};
		F1825C3C1953866D00631695 /* Frameworks */ = {
			isa = PBXGroup;
			children = (
				F1825C3D1953866D00631695 /* Foundation.framework */,
				F1825C3F1953866D00631695 /* CoreGraphics.framework */,
				F1825C411953866D00631695 /* UIKit.framework */,
				F1825C561953866D00631695 /* XCTest.framework */,
				534CD00C28534D9E90451244 /* libPods.a */,
			);
			name = Frameworks;
			sourceTree = "<group>";
		};
		F1825C431953866D00631695 /* ios_tweeter */ = {
			isa = PBXGroup;
			children = (
				F1825C7B1953D9F600631695 /* Model */,
				F18E4006195D1C1600688D62 /* ViewControllers */,
				F1825C851954095000631695 /* Views */,
				F1825C7A1953D9E600631695 /* API */,
				F1825C4C1953866D00631695 /* AppDelegate.h */,
				F1825C4D1953866D00631695 /* AppDelegate.m */,
				F1825C4F1953866D00631695 /* Images.xcassets */,
				F1825C441953866D00631695 /* Supporting Files */,
			);
			path = ios_tweeter;
			sourceTree = "<group>";
		};
		F1825C441953866D00631695 /* Supporting Files */ = {
			isa = PBXGroup;
			children = (
				F1825C451953866D00631695 /* ios_tweeter-Info.plist */,
				F1825C461953866D00631695 /* InfoPlist.strings */,
				F1825C491953866D00631695 /* main.m */,
				F1825C4B1953866D00631695 /* ios_tweeter-Prefix.pch */,
			);
			name = "Supporting Files";
			sourceTree = "<group>";
		};
		F1825C5C1953866D00631695 /* ios_tweeterTests */ = {
			isa = PBXGroup;
			children = (
				F1825C621953866D00631695 /* ios_tweeterTests.m */,
				F1825C5D1953866D00631695 /* Supporting Files */,
			);
			path = ios_tweeterTests;
			sourceTree = "<group>";
		};
		F1825C5D1953866D00631695 /* Supporting Files */ = {
			isa = PBXGroup;
			children = (
				F1825C5E1953866D00631695 /* ios_tweeterTests-Info.plist */,
				F1825C5F1953866D00631695 /* InfoPlist.strings */,
			);
			name = "Supporting Files";
			sourceTree = "<group>";
		};
		F1825C7A1953D9E600631695 /* API */ = {
			isa = PBXGroup;
			children = (
				F1825C7719538C4000631695 /* TwitterClient.h */,
				F1825C7819538C4000631695 /* TwitterClient.m */,
			);
			name = API;
			sourceTree = "<group>";
		};
		F1825C7B1953D9F600631695 /* Model */ = {
			isa = PBXGroup;
			children = (
				F1825C7C1953DA0900631695 /* User.h */,
				F1825C7D1953DA0900631695 /* User.m */,
				F1825C9F1954FEB800631695 /* Tweet.h */,
				F1825CA01954FEB800631695 /* Tweet.m */,
			);
			name = Model;
			sourceTree = "<group>";
		};
		F1825C851954095000631695 /* Views */ = {
			isa = PBXGroup;
			children = (
				F18E4010195D1F0500688D62 /* ProfileBannerView.xib */,
				F18E4012195D1F1C00688D62 /* ProfileBannerView.h */,
				F18E4013195D1F1C00688D62 /* ProfileBannerView.m */,
				F1825C951954110000631695 /* TweetCell.h */,
				F1825C961954110000631695 /* TweetCell.m */,
				F1825C971954110000631695 /* TweetCell.xib */,
			);
			name = Views;
			sourceTree = "<group>";
		};
		F18E4006195D1C1600688D62 /* ViewControllers */ = {
			isa = PBXGroup;
			children = (
				F18E4015195DBE2D00688D62 /* Small VC */,
				F1825C7F1953E38400631695 /* ListViewController.h */,
				F1825C801953E38400631695 /* ListViewController.m */,
				F1825C811953E38400631695 /* ListViewController.xib */,
				F1825C9A1954815400631695 /* DetailViewController.h */,
				F1825C9B1954815400631695 /* DetailViewController.m */,
				F1825C9C1954815400631695 /* DetailViewController.xib */,
				F18E400A195D1D8A00688D62 /* ProfileViewController.h */,
				F18E400B195D1D8A00688D62 /* ProfileViewController.m */,
				F18E400C195D1D8A00688D62 /* ProfileViewController.xib */,
				F14EB50C1960A43E009B5E94 /* HBViewController.h */,
				F14EB50D1960A43E009B5E94 /* HBViewController.m */,
				F14EB50E1960A43E009B5E94 /* HBViewController.xib */,
				F14EB5111960B0FF009B5E94 /* MainViewController.h */,
				F14EB5121960B0FF009B5E94 /* MainViewController.m */,
				F14EB5131960B0FF009B5E94 /* MainViewController.xib */,
			);
			name = ViewControllers;
			sourceTree = "<group>";
		};
		F18E4015195DBE2D00688D62 /* Small VC */ = {
			isa = PBXGroup;
			children = (
				F1825C8B19540A7500631695 /* ComposeViewController.h */,
				F1825C8C19540A7500631695 /* ComposeViewController.m */,
				F1825C8D19540A7500631695 /* ComposeViewController.xib */,
				F1825C6F195386AA00631695 /* LoginViewController.h */,
				F1825C70195386AA00631695 /* LoginViewController.m */,
				F1825C71195386AA00631695 /* LoginViewController.xib */,
				F18E4016195DBE5700688D62 /* webViewController.h */,
				F18E4017195DBE5700688D62 /* webViewController.m */,
				F18E4018195DBE5700688D62 /* webViewController.xib */,
			);
			name = "Small VC";
			sourceTree = "<group>";
		};
/* End PBXGroup section */

/* Begin PBXNativeTarget section */
		F1825C391953866D00631695 /* ios_tweeter */ = {
			isa = PBXNativeTarget;
			buildConfigurationList = F1825C661953866D00631695 /* Build configuration list for PBXNativeTarget "ios_tweeter" */;
			buildPhases = (
				D56918A129774E69BAF1B13F /* Check Pods Manifest.lock */,
				F1825C361953866D00631695 /* Sources */,
				F1825C371953866D00631695 /* Frameworks */,
				F1825C381953866D00631695 /* Resources */,
				FCE757F6FBD04886B75C8805 /* Copy Pods Resources */,
			);
			buildRules = (
			);
			dependencies = (
			);
			name = ios_tweeter;
			productName = ios_tweeter;
			productReference = F1825C3A1953866D00631695 /* ios_tweeter.app */;
			productType = "com.apple.product-type.application";
		};
		F1825C541953866D00631695 /* ios_tweeterTests */ = {
			isa = PBXNativeTarget;
			buildConfigurationList = F1825C691953866D00631695 /* Build configuration list for PBXNativeTarget "ios_tweeterTests" */;
			buildPhases = (
				F1825C511953866D00631695 /* Sources */,
				F1825C521953866D00631695 /* Frameworks */,
				F1825C531953866D00631695 /* Resources */,
			);
			buildRules = (
			);
			dependencies = (
				F1825C5B1953866D00631695 /* PBXTargetDependency */,
			);
			name = ios_tweeterTests;
			productName = ios_tweeterTests;
			productReference = F1825C551953866D00631695 /* ios_tweeterTests.xctest */;
			productType = "com.apple.product-type.bundle.unit-test";
		};
/* End PBXNativeTarget section */

/* Begin PBXProject section */
		F1825C321953866D00631695 /* Project object */ = {
			isa = PBXProject;
			attributes = {
				LastUpgradeCheck = 0510;
				ORGANIZATIONNAME = "Patil, Sagar";
				TargetAttributes = {
					F1825C541953866D00631695 = {
						TestTargetID = F1825C391953866D00631695;
					};
				};
			};
			buildConfigurationList = F1825C351953866D00631695 /* Build configuration list for PBXProject "ios_tweeter" */;
			compatibilityVersion = "Xcode 3.2";
			developmentRegion = English;
			hasScannedForEncodings = 0;
			knownRegions = (
				en,
			);
			mainGroup = F1825C311953866D00631695;
			productRefGroup = F1825C3B1953866D00631695 /* Products */;
			projectDirPath = "";
			projectRoot = "";
			targets = (
				F1825C391953866D00631695 /* ios_tweeter */,
				F1825C541953866D00631695 /* ios_tweeterTests */,
			);
		};
/* End PBXProject section */

/* Begin PBXResourcesBuildPhase section */
		F1825C381953866D00631695 /* Resources */ = {
			isa = PBXResourcesBuildPhase;
			buildActionMask = 2147483647;
			files = (
				F18E400E195D1D8A00688D62 /* ProfileViewController.xib in Resources */,
				F1825C481953866D00631695 /* InfoPlist.strings in Resources */,
				F1825C8F19540A7500631695 /* ComposeViewController.xib in Resources */,
				F1825C9E1954815400631695 /* DetailViewController.xib in Resources */,
				F14EB5151960B0FF009B5E94 /* MainViewController.xib in Resources */,
				F18E4011195D1F0500688D62 /* ProfileBannerView.xib in Resources */,
				F1825C501953866D00631695 /* Images.xcassets in Resources */,
				F14EB5101960A43E009B5E94 /* HBViewController.xib in Resources */,
				F1825C831953E38400631695 /* ListViewController.xib in Resources */,
				F1825C73195386AA00631695 /* LoginViewController.xib in Resources */,
				F18E401A195DBE5700688D62 /* webViewController.xib in Resources */,
				F17FBDDB1956B01500B1C60B /* README.md in Resources */,
				F1825C991954110000631695 /* TweetCell.xib in Resources */,
			);
			runOnlyForDeploymentPostprocessing = 0;
		};
		F1825C531953866D00631695 /* Resources */ = {
			isa = PBXResourcesBuildPhase;
			buildActionMask = 2147483647;
			files = (
				F1825C611953866D00631695 /* InfoPlist.strings in Resources */,
			);
			runOnlyForDeploymentPostprocessing = 0;
		};
/* End PBXResourcesBuildPhase section */

/* Begin PBXShellScriptBuildPhase section */
		D56918A129774E69BAF1B13F /* Check Pods Manifest.lock */ = {
			isa = PBXShellScriptBuildPhase;
			buildActionMask = 2147483647;
			files = (
			);
			inputPaths = (
			);
			name = "Check Pods Manifest.lock";
			outputPaths = (
			);
			runOnlyForDeploymentPostprocessing = 0;
			shellPath = /bin/sh;
			shellScript = "diff \"${PODS_ROOT}/../Podfile.lock\" \"${PODS_ROOT}/Manifest.lock\" > /dev/null\nif [[ $? != 0 ]] ; then\n    cat << EOM\nerror: The sandbox is not in sync with the Podfile.lock. Run 'pod install' or update your CocoaPods installation.\nEOM\n    exit 1\nfi\n";
			showEnvVarsInLog = 0;
		};
		FCE757F6FBD04886B75C8805 /* Copy Pods Resources */ = {
			isa = PBXShellScriptBuildPhase;
			buildActionMask = 2147483647;
			files = (
			);
			inputPaths = (
			);
			name = "Copy Pods Resources";
			outputPaths = (
			);
			runOnlyForDeploymentPostprocessing = 0;
			shellPath = /bin/sh;
			shellScript = "\"${SRCROOT}/Pods/Pods-resources.sh\"\n";
			showEnvVarsInLog = 0;
		};
/* End PBXShellScriptBuildPhase section */

/* Begin PBXSourcesBuildPhase section */
		F1825C361953866D00631695 /* Sources */ = {
			isa = PBXSourcesBuildPhase;
			buildActionMask = 2147483647;
			files = (
				F14EB50F1960A43E009B5E94 /* HBViewController.m in Sources */,
				F1825C7E1953DA0900631695 /* User.m in Sources */,
				F1825C7919538C4000631695 /* TwitterClient.m in Sources */,
				F14EB5141960B0FF009B5E94 /* MainViewController.m in Sources */,
				F1825C9D1954815400631695 /* DetailViewController.m in Sources */,
				F1825C821953E38400631695 /* ListViewController.m in Sources */,
				F1825C4E1953866D00631695 /* AppDelegate.m in Sources */,
				F1825C4A1953866D00631695 /* main.m in Sources */,
				F18E4019195DBE5700688D62 /* webViewController.m in Sources */,
				F1825C72195386AA00631695 /* LoginViewController.m in Sources */,
				F1825CA11954FEB800631695 /* Tweet.m in Sources */,
				F18E4014195D1F1C00688D62 /* ProfileBannerView.m in Sources */,
				F18E400D195D1D8A00688D62 /* ProfileViewController.m in Sources */,
				F1825C8E19540A7500631695 /* ComposeViewController.m in Sources */,
				F1825C981954110000631695 /* TweetCell.m in Sources */,
			);
			runOnlyForDeploymentPostprocessing = 0;
		};
		F1825C511953866D00631695 /* Sources */ = {
			isa = PBXSourcesBuildPhase;
			buildActionMask = 2147483647;
			files = (
				F1825C631953866D00631695 /* ios_tweeterTests.m in Sources */,
			);
			runOnlyForDeploymentPostprocessing = 0;
		};
/* End PBXSourcesBuildPhase section */

/* Begin PBXTargetDependency section */
		F1825C5B1953866D00631695 /* PBXTargetDependency */ = {
			isa = PBXTargetDependency;
			target = F1825C391953866D00631695 /* ios_tweeter */;
			targetProxy = F1825C5A1953866D00631695 /* PBXContainerItemProxy */;
		};
/* End PBXTargetDependency section */

/* Begin PBXVariantGroup section */
		F1825C461953866D00631695 /* InfoPlist.strings */ = {
			isa = PBXVariantGroup;
			children = (
				F1825C471953866D00631695 /* en */,
			);
			name = InfoPlist.strings;
			sourceTree = "<group>";
		};
		F1825C5F1953866D00631695 /* InfoPlist.strings */ = {
			isa = PBXVariantGroup;
			children = (
				F1825C601953866D00631695 /* en */,
			);
			name = InfoPlist.strings;
			sourceTree = "<group>";
		};
/* End PBXVariantGroup section */

/* Begin XCBuildConfiguration section */
		F1825C641953866D00631695 /* Debug */ = {
			isa = XCBuildConfiguration;
			buildSettings = {
				ALWAYS_SEARCH_USER_PATHS = NO;
				CLANG_CXX_LANGUAGE_STANDARD = "gnu++0x";
				CLANG_CXX_LIBRARY = "libc++";
				CLANG_ENABLE_MODULES = YES;
				CLANG_ENABLE_OBJC_ARC = YES;
				CLANG_WARN_BOOL_CONVERSION = YES;
				CLANG_WARN_CONSTANT_CONVERSION = YES;
				CLANG_WARN_DIRECT_OBJC_ISA_USAGE = YES_ERROR;
				CLANG_WARN_EMPTY_BODY = YES;
				CLANG_WARN_ENUM_CONVERSION = YES;
				CLANG_WARN_INT_CONVERSION = YES;
				CLANG_WARN_OBJC_ROOT_CLASS = YES_ERROR;
				CLANG_WARN__DUPLICATE_METHOD_MATCH = YES;
				"CODE_SIGN_IDENTITY[sdk=iphoneos*]" = "iPhone Developer";
				COPY_PHASE_STRIP = NO;
				GCC_C_LANGUAGE_STANDARD = gnu99;
				GCC_DYNAMIC_NO_PIC = NO;
				GCC_OPTIMIZATION_LEVEL = 0;
				GCC_PREPROCESSOR_DEFINITIONS = (
					"DEBUG=1",
					"$(inherited)",
				);
				GCC_SYMBOLS_PRIVATE_EXTERN = NO;
				GCC_WARN_64_TO_32_BIT_CONVERSION = YES;
				GCC_WARN_ABOUT_RETURN_TYPE = YES_ERROR;
				GCC_WARN_UNDECLARED_SELECTOR = YES;
				GCC_WARN_UNINITIALIZED_AUTOS = YES_AGGRESSIVE;
				GCC_WARN_UNUSED_FUNCTION = YES;
				GCC_WARN_UNUSED_VARIABLE = YES;
				IPHONEOS_DEPLOYMENT_TARGET = 7.1;
				ONLY_ACTIVE_ARCH = YES;
				SDKROOT = iphoneos;
			};
			name = Debug;
		};
		F1825C651953866D00631695 /* Release */ = {
			isa = XCBuildConfiguration;
			buildSettings = {
				ALWAYS_SEARCH_USER_PATHS = NO;
				CLANG_CXX_LANGUAGE_STANDARD = "gnu++0x";
				CLANG_CXX_LIBRARY = "libc++";
				CLANG_ENABLE_MODULES = YES;
				CLANG_ENABLE_OBJC_ARC = YES;
				CLANG_WARN_BOOL_CONVERSION = YES;
				CLANG_WARN_CONSTANT_CONVERSION = YES;
				CLANG_WARN_DIRECT_OBJC_ISA_USAGE = YES_ERROR;
				CLANG_WARN_EMPTY_BODY = YES;
				CLANG_WARN_ENUM_CONVERSION = YES;
				CLANG_WARN_INT_CONVERSION = YES;
				CLANG_WARN_OBJC_ROOT_CLASS = YES_ERROR;
				CLANG_WARN__DUPLICATE_METHOD_MATCH = YES;
				"CODE_SIGN_IDENTITY[sdk=iphoneos*]" = "iPhone Developer";
				COPY_PHASE_STRIP = YES;
				ENABLE_NS_ASSERTIONS = NO;
				GCC_C_LANGUAGE_STANDARD = gnu99;
				GCC_WARN_64_TO_32_BIT_CONVERSION = YES;
				GCC_WARN_ABOUT_RETURN_TYPE = YES_ERROR;
				GCC_WARN_UNDECLARED_SELECTOR = YES;
				GCC_WARN_UNINITIALIZED_AUTOS = YES_AGGRESSIVE;
				GCC_WARN_UNUSED_FUNCTION = YES;
				GCC_WARN_UNUSED_VARIABLE = YES;
				IPHONEOS_DEPLOYMENT_TARGET = 7.1;
				SDKROOT = iphoneos;
				VALIDATE_PRODUCT = YES;
			};
			name = Release;
		};
		F1825C671953866D00631695 /* Debug */ = {
			isa = XCBuildConfiguration;
			baseConfigurationReference = 431D4EAEAE254AEA9AEC7BB1 /* Pods.xcconfig */;
			buildSettings = {
				ASSETCATALOG_COMPILER_APPICON_NAME = AppIcon;
				ASSETCATALOG_COMPILER_LAUNCHIMAGE_NAME = LaunchImage;
				CODE_SIGN_IDENTITY = "iPhone Developer";
				GCC_PRECOMPILE_PREFIX_HEADER = YES;
				GCC_PREFIX_HEADER = "ios_tweeter/ios_tweeter-Prefix.pch";
				INFOPLIST_FILE = "ios_tweeter/ios_tweeter-Info.plist";
				IPHONEOS_DEPLOYMENT_TARGET = 7.0;
				PRODUCT_NAME = "$(TARGET_NAME)";
				WRAPPER_EXTENSION = app;
			};
			name = Debug;
		};
		F1825C681953866D00631695 /* Release */ = {
			isa = XCBuildConfiguration;
			baseConfigurationReference = 431D4EAEAE254AEA9AEC7BB1 /* Pods.xcconfig */;
			buildSettings = {
				ASSETCATALOG_COMPILER_APPICON_NAME = AppIcon;
				ASSETCATALOG_COMPILER_LAUNCHIMAGE_NAME = LaunchImage;
				CODE_SIGN_IDENTITY = "iPhone Developer";
				GCC_PRECOMPILE_PREFIX_HEADER = YES;
				GCC_PREFIX_HEADER = "ios_tweeter/ios_tweeter-Prefix.pch";
				INFOPLIST_FILE = "ios_tweeter/ios_tweeter-Info.plist";
				IPHONEOS_DEPLOYMENT_TARGET = 7.0;
				PRODUCT_NAME = "$(TARGET_NAME)";
				WRAPPER_EXTENSION = app;
			};
			name = Release;
		};
		F1825C6A1953866D00631695 /* Debug */ = {
			isa = XCBuildConfiguration;
			buildSettings = {
				BUNDLE_LOADER = "$(BUILT_PRODUCTS_DIR)/ios_tweeter.app/ios_tweeter";
				FRAMEWORK_SEARCH_PATHS = (
					"$(SDKROOT)/Developer/Library/Frameworks",
					"$(inherited)",
					"$(DEVELOPER_FRAMEWORKS_DIR)",
				);
				GCC_PRECOMPILE_PREFIX_HEADER = YES;
				GCC_PREFIX_HEADER = "ios_tweeter/ios_tweeter-Prefix.pch";
				GCC_PREPROCESSOR_DEFINITIONS = (
					"DEBUG=1",
					"$(inherited)",
				);
				INFOPLIST_FILE = "ios_tweeterTests/ios_tweeterTests-Info.plist";
				PRODUCT_NAME = "$(TARGET_NAME)";
				TEST_HOST = "$(BUNDLE_LOADER)";
				WRAPPER_EXTENSION = xctest;
			};
			name = Debug;
		};
		F1825C6B1953866D00631695 /* Release */ = {
			isa = XCBuildConfiguration;
			buildSettings = {
				BUNDLE_LOADER = "$(BUILT_PRODUCTS_DIR)/ios_tweeter.app/ios_tweeter";
				FRAMEWORK_SEARCH_PATHS = (
					"$(SDKROOT)/Developer/Library/Frameworks",
					"$(inherited)",
					"$(DEVELOPER_FRAMEWORKS_DIR)",
				);
				GCC_PRECOMPILE_PREFIX_HEADER = YES;
				GCC_PREFIX_HEADER = "ios_tweeter/ios_tweeter-Prefix.pch";
				INFOPLIST_FILE = "ios_tweeterTests/ios_tweeterTests-Info.plist";
				PRODUCT_NAME = "$(TARGET_NAME)";
				TEST_HOST = "$(BUNDLE_LOADER)";
				WRAPPER_EXTENSION = xctest;
			};
			name = Release;
		};
/* End XCBuildConfiguration section */

/* Begin XCConfigurationList section */
		F1825C351953866D00631695 /* Build configuration list for PBXProject "ios_tweeter" */ = {
			isa = XCConfigurationList;
			buildConfigurations = (
				F1825C641953866D00631695 /* Debug */,
				F1825C651953866D00631695 /* Release */,
			);
			defaultConfigurationIsVisible = 0;
			defaultConfigurationName = Release;
		};
		F1825C661953866D00631695 /* Build configuration list for PBXNativeTarget "ios_tweeter" */ = {
			isa = XCConfigurationList;
			buildConfigurations = (
				F1825C671953866D00631695 /* Debug */,
				F1825C681953866D00631695 /* Release */,
			);
			defaultConfigurationIsVisible = 0;
			defaultConfigurationName = Release;
		};
		F1825C691953866D00631695 /* Build configuration list for PBXNativeTarget "ios_tweeterTests" */ = {
			isa = XCConfigurationList;
			buildConfigurations = (
				F1825C6A1953866D00631695 /* Debug */,
				F1825C6B1953866D00631695 /* Release */,
			);
			defaultConfigurationIsVisible = 0;
			defaultConfigurationName = Release;
		};
/* End XCConfigurationList section */
	};
	rootObject = F1825C321953866D00631695 /* Project object */;
}
